
Microsoft Visual Studio Solution File, Format Version 12.00
# Visual Studio Version 17
VisualStudioVersion = 17.3.32922.545
MinimumVisualStudioVersion = 10.0.40219.1
Project("{FAE04EC0-301F-11D3-BF4B-00C04F79EFBC}") = "AppBanco", "AppBanco\AppBanco.csproj", "{601F823F-DFC4-437F-81F0-C71F9B140441}"
EndProject
Global
	GlobalSection(SolutionConfigurationPlatforms) = preSolution
		Debug|Any CPU = Debug|Any CPU
		Release|Any CPU = Release|Any CPU
	EndGlobalSection
	GlobalSection(ProjectConfigurationPlatforms) = postSolution
		{601F823F-DFC4-437F-81F0-C71F9B140441}.Debug|Any CPU.ActiveCfg = Debug|Any CPU
		{601F823F-DFC4-437F-81F0-C71F9B140441}.Debug|Any CPU.Build.0 = Debug|Any CPU
		{601F823F-DFC4-437F-81F0-C71F9B140441}.Release|Any CPU.ActiveCfg = Release|Any CPU
		{601F823F-DFC4-437F-81F0-C71F9B140441}.Release|Any CPU.Build.0 = Release|Any CPU
	EndGlobalSection
	GlobalSection(SolutionProperties) = preSolution
		HideSolutionNode = FALSE
	EndGlobalSection
	GlobalSection(ExtensibilityGlobals) = postSolution
		SolutionGuid = {662D2C6D-2585-4446-BD8D-78DBF104A8CC}
	EndGlobalSection
EndGlobal
