
Microsoft Visual Studio Solution File, Format Version 12.00
# Visual Studio Version 17
VisualStudioVersion = 17.3.32922.545
MinimumVisualStudioVersion = 10.0.40219.1
Project("{FAE04EC0-301F-11D3-BF4B-00C04F79EFBC}") = "ExercicioTriangulo", "ExercicioTriangulo\ExercicioTriangulo.csproj", "{4CC5E787-D1C7-4C8F-B23A-2E60EB476423}"
EndProject
Global
	GlobalSection(SolutionConfigurationPlatforms) = preSolution
		Debug|Any CPU = Debug|Any CPU
		Release|Any CPU = Release|Any CPU
	EndGlobalSection
	GlobalSection(ProjectConfigurationPlatforms) = postSolution
		{4CC5E787-D1C7-4C8F-B23A-2E60EB476423}.Debug|Any CPU.ActiveCfg = Debug|Any CPU
		{4CC5E787-D1C7-4C8F-B23A-2E60EB476423}.Debug|Any CPU.Build.0 = Debug|Any CPU
		{4CC5E787-D1C7-4C8F-B23A-2E60EB476423}.Release|Any CPU.ActiveCfg = Release|Any CPU
		{4CC5E787-D1C7-4C8F-B23A-2E60EB476423}.Release|Any CPU.Build.0 = Release|Any CPU
	EndGlobalSection
	GlobalSection(SolutionProperties) = preSolution
		HideSolutionNode = FALSE
	EndGlobalSection
	GlobalSection(ExtensibilityGlobals) = postSolution
		SolutionGuid = {B8AC684F-D7B0-4220-A080-EF3E90CBE159}
	EndGlobalSection
EndGlobal
