
Microsoft Visual Studio Solution File, Format Version 12.00
# Visual Studio Version 17
VisualStudioVersion = 17.3.32922.545
MinimumVisualStudioVersion = 10.0.40219.1
Project("{FAE04EC0-301F-11D3-BF4B-00C04F79EFBC}") = "Course", "Course\Course.csproj", "{B75307CE-A7F4-4616-A27E-F01D659DCD85}"
EndProject
Project("{FAE04EC0-301F-11D3-BF4B-00C04F79EFBC}") = "ExercicioDois", "ExercicioDois\ExercicioDois.csproj", "{EF3C8532-B431-478C-BA1E-25628640AF8D}"
EndProject
Global
	GlobalSection(SolutionConfigurationPlatforms) = preSolution
		Debug|Any CPU = Debug|Any CPU
		Release|Any CPU = Release|Any CPU
	EndGlobalSection
	GlobalSection(ProjectConfigurationPlatforms) = postSolution
		{B75307CE-A7F4-4616-A27E-F01D659DCD85}.Debug|Any CPU.ActiveCfg = Debug|Any CPU
		{B75307CE-A7F4-4616-A27E-F01D659DCD85}.Debug|Any CPU.Build.0 = Debug|Any CPU
		{B75307CE-A7F4-4616-A27E-F01D659DCD85}.Release|Any CPU.ActiveCfg = Release|Any CPU
		{B75307CE-A7F4-4616-A27E-F01D659DCD85}.Release|Any CPU.Build.0 = Release|Any CPU
		{EF3C8532-B431-478C-BA1E-25628640AF8D}.Debug|Any CPU.ActiveCfg = Debug|Any CPU
		{EF3C8532-B431-478C-BA1E-25628640AF8D}.Debug|Any CPU.Build.0 = Debug|Any CPU
		{EF3C8532-B431-478C-BA1E-25628640AF8D}.Release|Any CPU.ActiveCfg = Release|Any CPU
		{EF3C8532-B431-478C-BA1E-25628640AF8D}.Release|Any CPU.Build.0 = Release|Any CPU
	EndGlobalSection
	GlobalSection(SolutionProperties) = preSolution
		HideSolutionNode = FALSE
	EndGlobalSection
	GlobalSection(ExtensibilityGlobals) = postSolution
		SolutionGuid = {91BFE05A-3517-4FB8-97B7-B5B41A7B5FD1}
	EndGlobalSection
EndGlobal
