
Microsoft Visual Studio Solution File, Format Version 12.00
# Visual Studio Version 17
VisualStudioVersion = 17.3.32922.545
MinimumVisualStudioVersion = 10.0.40219.1
Project("{FAE04EC0-301F-11D3-BF4B-00C04F79EFBC}") = "ExercicioDesconto", "ExercicioDesconto\ExercicioDesconto.csproj", "{34F1751F-B336-431D-85CD-8CC55A0BE86E}"
EndProject
Global
	GlobalSection(SolutionConfigurationPlatforms) = preSolution
		Debug|Any CPU = Debug|Any CPU
		Release|Any CPU = Release|Any CPU
	EndGlobalSection
	GlobalSection(ProjectConfigurationPlatforms) = postSolution
		{34F1751F-B336-431D-85CD-8CC55A0BE86E}.Debug|Any CPU.ActiveCfg = Debug|Any CPU
		{34F1751F-B336-431D-85CD-8CC55A0BE86E}.Debug|Any CPU.Build.0 = Debug|Any CPU
		{34F1751F-B336-431D-85CD-8CC55A0BE86E}.Release|Any CPU.ActiveCfg = Release|Any CPU
		{34F1751F-B336-431D-85CD-8CC55A0BE86E}.Release|Any CPU.Build.0 = Release|Any CPU
	EndGlobalSection
	GlobalSection(SolutionProperties) = preSolution
		HideSolutionNode = FALSE
	EndGlobalSection
	GlobalSection(ExtensibilityGlobals) = postSolution
		SolutionGuid = {04F4C373-BB49-4715-B545-AAB0854AACED}
	EndGlobalSection
EndGlobal
